
Microsoft Visual Studio Solution File, Format Version 12.00
# Visual Studio Version 17
VisualStudioVersion = 17.6.33723.286
MinimumVisualStudioVersion = 10.0.40219.1
Project("{FAE04EC0-301F-11D3-BF4B-00C04F79EFBC}") = "Automatizacion-Excel", "Automatizacion-Excel.csproj", "{4848861F-A632-4DF0-BF0B-A01BB833DAA9}"
EndProject
Global
	GlobalSection(SolutionConfigurationPlatforms) = preSolution
		Debug|Any CPU = Debug|Any CPU
		Release|Any CPU = Release|Any CPU
	EndGlobalSection
	GlobalSection(ProjectConfigurationPlatforms) = postSolution
		{4848861F-A632-4DF0-BF0B-A01BB833DAA9}.Debug|Any CPU.ActiveCfg = Debug|Any CPU
		{4848861F-A632-4DF0-BF0B-A01BB833DAA9}.Debug|Any CPU.Build.0 = Debug|Any CPU
		{4848861F-A632-4DF0-BF0B-A01BB833DAA9}.Release|Any CPU.ActiveCfg = Release|Any CPU
		{4848861F-A632-4DF0-BF0B-A01BB833DAA9}.Release|Any CPU.Build.0 = Release|Any CPU
	EndGlobalSection
	GlobalSection(SolutionProperties) = preSolution
		HideSolutionNode = FALSE
	EndGlobalSection
	GlobalSection(ExtensibilityGlobals) = postSolution
		SolutionGuid = {C151A735-F833-469D-8C33-17CEC562E5CA}
	EndGlobalSection
EndGlobal
